schema: '2.0'
stages:
  load_data:
    cmd: .venv/bin/python3 -m src.scripts.collect
    deps:
    - path: src/pipeline/data_collector.py
      hash: md5
      md5: 57efd59acf8934c095123cefaa3420c1
      size: 3949
    - path: src/scripts/collect.py
      hash: md5
      md5: fd54759823c522193a4fbd7ace48217c
      size: 402
    outs:
    - path: data/raw/taxi-data.csv
      hash: md5
      md5: 77e96b6ea84be548b67c1e6f27e040a4
      size: 123397466
    - path: data/raw/taxi-zones.csv
      hash: md5
      md5: 3b5ed059f4ff23f0927b3373d4a67d9f
      size: 10467
  process_data:
    cmd: .venv/bin/python3 -m src.scripts.process
    deps:
    - path: data/raw/taxi-data.csv
      hash: md5
      md5: 77e96b6ea84be548b67c1e6f27e040a4
      size: 123397466
    - path: data/raw/taxi-zones.csv
      hash: md5
      md5: 3b5ed059f4ff23f0927b3373d4a67d9f
      size: 10467
    - path: src/pipeline/data_processor.py
      hash: md5
      md5: 8fab16a14fccf13c8693e588b5fc2c87
      size: 4946
    - path: src/scripts/process.py
      hash: md5
      md5: 2e6bd105072c6d1104f6f77c864bd053
      size: 560
    outs:
    - path: data/processed/test.csv
      hash: md5
      md5: a68aef3c721a1753326cb99c5e81b4e0
      size: 6252781
    - path: data/processed/train.csv
      hash: md5
      md5: 0452d5b39af70bc1e9aa92ab3a5ef80d
      size: 29524387
    - path: data/processed/validation.csv
      hash: md5
      md5: 2893cf5efdebeffaf89fa8fb29a414eb
      size: 6252182
  train:
    cmd: .venv/bin/python3 -m src.scripts.train
    deps:
    - path: data/processed/test.csv
      hash: md5
      md5: a68aef3c721a1753326cb99c5e81b4e0
      size: 6252781
    - path: data/processed/train.csv
      hash: md5
      md5: 0452d5b39af70bc1e9aa92ab3a5ef80d
      size: 29524387
    - path: data/processed/validation.csv
      hash: md5
      md5: 2893cf5efdebeffaf89fa8fb29a414eb
      size: 6252182
    - path: src/pipeline/model_trainer.py
      hash: md5
      md5: b02675ba38d8d5ff96e7d34e206a2dfd
      size: 3812
    - path: src/scripts/train.py
      hash: md5
      md5: a5e8e24fdaf327b696ea3ef1a4cacdfa
      size: 479
    outs:
    - path: models/xgb.json
      hash: md5
      md5: cf3a7acb5b7c9455ba3ddce5e958db45
      size: 12033
  evaluate:
    cmd: .venv/bin/python3 -m src.scripts.evaluate
    deps:
    - path: models/xgb.json
      hash: md5
      md5: cf3a7acb5b7c9455ba3ddce5e958db45
      size: 12033
    - path: src/pipeline/model_evaluator.py
      hash: md5
      md5: 9e9f6bf67f00b2c26ae85bfa671eff6e
      size: 2003
    - path: src/scripts/evaluate.py
      hash: md5
      md5: 608207e05c88336c31707c352f5c9fb3
      size: 426
