schema: '2.0'
stages:
  load_data:
    cmd: .venv/bin/python3 -m src.scripts.collect
    deps:
    - path: src/pipeline/data_collector.py
      hash: md5
      md5: 3448aae241fb6c1074b3d394bb05c0c3
      size: 3950
    - path: src/scripts/collect.py
      hash: md5
      md5: fd54759823c522193a4fbd7ace48217c
      size: 402
    outs:
    - path: data/raw/taxi-data.csv
      hash: md5
      md5: 93cc474c5acd736ab1d53de17194c027
      size: 57685310
    - path: data/raw/taxi-zones.csv
      hash: md5
      md5: 3b5ed059f4ff23f0927b3373d4a67d9f
      size: 10467
  process_data:
    cmd: .venv/bin/python3 -m src.scripts.process
    deps:
    - path: data/raw/taxi-data.csv
      hash: md5
      md5: 93cc474c5acd736ab1d53de17194c027
      size: 57685310
    - path: data/raw/taxi-zones.csv
      hash: md5
      md5: 3b5ed059f4ff23f0927b3373d4a67d9f
      size: 10467
    - path: src/pipeline/data_processor.py
      hash: md5
      md5: 8fab16a14fccf13c8693e588b5fc2c87
      size: 4946
    - path: src/scripts/process.py
      hash: md5
      md5: 2e6bd105072c6d1104f6f77c864bd053
      size: 560
    outs:
    - path: data/processed/test.csv
      hash: md5
      md5: d64b6213ee282c4a477d27c28f55ec23
      size: 2959412
    - path: data/processed/train.csv
      hash: md5
      md5: ea604faf2248c892a4d489f46c326fbc
      size: 13647267
    - path: data/processed/validation.csv
      hash: md5
      md5: c47d5d85f7bdcc7f7fed60ed2b4713a6
      size: 2982504
  train:
    cmd: .venv/bin/python3 -m src.scripts.train
    deps:
    - path: data/processed/test.csv
      hash: md5
      md5: d64b6213ee282c4a477d27c28f55ec23
      size: 2959412
    - path: data/processed/train.csv
      hash: md5
      md5: ea604faf2248c892a4d489f46c326fbc
      size: 13647267
    - path: data/processed/validation.csv
      hash: md5
      md5: c47d5d85f7bdcc7f7fed60ed2b4713a6
      size: 2982504
    - path: src/pipeline/model_trainer.py
      hash: md5
      md5: b02675ba38d8d5ff96e7d34e206a2dfd
      size: 3812
    - path: src/scripts/train.py
      hash: md5
      md5: a5e8e24fdaf327b696ea3ef1a4cacdfa
      size: 479
    outs:
    - path: models/xgb.json
      hash: md5
      md5: aa0fc9607391df24ebad9101d3dc65c1
      size: 34113
  evaluate:
    cmd: .venv/bin/python3 -m src.scripts.evaluate
    deps:
    - path: models/xgb.json
      hash: md5
      md5: aa0fc9607391df24ebad9101d3dc65c1
      size: 34113
    - path: src/pipeline/model_evaluator.py
      hash: md5
      md5: 9e9f6bf67f00b2c26ae85bfa671eff6e
      size: 2003
    - path: src/scripts/evaluate.py
      hash: md5
      md5: 608207e05c88336c31707c352f5c9fb3
      size: 426
